
Microsoft Visual Studio Solution File, Format Version 12.00
# Visual Studio 15
VisualStudioVersion = 15.0.26124.0
MinimumVisualStudioVersion = 15.0.26124.0
Project("{FAE04EC0-301F-11D3-BF4B-00C04F79EFBC}") = "Unidays", "Unidays\Unidays.csproj", "{AA92318B-4574-4402-81F9-B13C7E56EAE5}"
EndProject
Project("{FAE04EC0-301F-11D3-BF4B-00C04F79EFBC}") = "Unidays.Tests", "Unidays.Tests\Unidays.Tests.csproj", "{FA739F9B-2D53-4064-A28E-C773CE5AC0B3}"
EndProject
Global
	GlobalSection(SolutionConfigurationPlatforms) = preSolution
		Debug|Any CPU = Debug|Any CPU
		Debug|x64 = Debug|x64
		Debug|x86 = Debug|x86
		Release|Any CPU = Release|Any CPU
		Release|x64 = Release|x64
		Release|x86 = Release|x86
	EndGlobalSection
	GlobalSection(SolutionProperties) = preSolution
		HideSolutionNode = FALSE
	EndGlobalSection
	GlobalSection(ProjectConfigurationPlatforms) = postSolution
		{AA92318B-4574-4402-81F9-B13C7E56EAE5}.Debug|Any CPU.ActiveCfg = Debug|Any CPU
		{AA92318B-4574-4402-81F9-B13C7E56EAE5}.Debug|Any CPU.Build.0 = Debug|Any CPU
		{AA92318B-4574-4402-81F9-B13C7E56EAE5}.Debug|x64.ActiveCfg = Debug|x64
		{AA92318B-4574-4402-81F9-B13C7E56EAE5}.Debug|x64.Build.0 = Debug|x64
		{AA92318B-4574-4402-81F9-B13C7E56EAE5}.Debug|x86.ActiveCfg = Debug|x86
		{AA92318B-4574-4402-81F9-B13C7E56EAE5}.Debug|x86.Build.0 = Debug|x86
		{AA92318B-4574-4402-81F9-B13C7E56EAE5}.Release|Any CPU.ActiveCfg = Release|Any CPU
		{AA92318B-4574-4402-81F9-B13C7E56EAE5}.Release|Any CPU.Build.0 = Release|Any CPU
		{AA92318B-4574-4402-81F9-B13C7E56EAE5}.Release|x64.ActiveCfg = Release|x64
		{AA92318B-4574-4402-81F9-B13C7E56EAE5}.Release|x64.Build.0 = Release|x64
		{AA92318B-4574-4402-81F9-B13C7E56EAE5}.Release|x86.ActiveCfg = Release|x86
		{AA92318B-4574-4402-81F9-B13C7E56EAE5}.Release|x86.Build.0 = Release|x86
		{FA739F9B-2D53-4064-A28E-C773CE5AC0B3}.Debug|Any CPU.ActiveCfg = Debug|Any CPU
		{FA739F9B-2D53-4064-A28E-C773CE5AC0B3}.Debug|Any CPU.Build.0 = Debug|Any CPU
		{FA739F9B-2D53-4064-A28E-C773CE5AC0B3}.Debug|x64.ActiveCfg = Debug|x64
		{FA739F9B-2D53-4064-A28E-C773CE5AC0B3}.Debug|x64.Build.0 = Debug|x64
		{FA739F9B-2D53-4064-A28E-C773CE5AC0B3}.Debug|x86.ActiveCfg = Debug|x86
		{FA739F9B-2D53-4064-A28E-C773CE5AC0B3}.Debug|x86.Build.0 = Debug|x86
		{FA739F9B-2D53-4064-A28E-C773CE5AC0B3}.Release|Any CPU.ActiveCfg = Release|Any CPU
		{FA739F9B-2D53-4064-A28E-C773CE5AC0B3}.Release|Any CPU.Build.0 = Release|Any CPU
		{FA739F9B-2D53-4064-A28E-C773CE5AC0B3}.Release|x64.ActiveCfg = Release|x64
		{FA739F9B-2D53-4064-A28E-C773CE5AC0B3}.Release|x64.Build.0 = Release|x64
		{FA739F9B-2D53-4064-A28E-C773CE5AC0B3}.Release|x86.ActiveCfg = Release|x86
		{FA739F9B-2D53-4064-A28E-C773CE5AC0B3}.Release|x86.Build.0 = Release|x86
	EndGlobalSection
EndGlobal
