Microsoft Visual Studio Solution File, Format Version 12.00
# Visual Studio Version 16
VisualStudioVersion = 16.0.29209.62
MinimumVisualStudioVersion = 15.0.26124.0
Project("{9A19103F-16F7-4668-BE54-9A1E7A4F7556}") = "Unidays", "Unidays.Client\Unidays.Client.csproj", "{AA92318B-4574-4402-81F9-B13C7E56EAE5}"
EndProject
Project("{9A19103F-16F7-4668-BE54-9A1E7A4F7556}") = "Unidays.Client.Tests", "Unidays.Client.Tests\Unidays.Client.Tests.csproj", "{FA739F9B-2D53-4064-A28E-C773CE5AC0B3}"
EndProject
Global
	GlobalSection(SolutionConfigurationPlatforms) = preSolution
		Debug|Any CPU = Debug|Any CPU
		Debug|x64 = Debug|x64
		Debug|x86 = Debug|x86
		Release|Any CPU = Release|Any CPU
		Release|x64 = Release|x64
		Release|x86 = Release|x86
	EndGlobalSection
	GlobalSection(ProjectConfigurationPlatforms) = postSolution
		{AA92318B-4574-4402-81F9-B13C7E56EAE5}.Debug|Any CPU.ActiveCfg = Debug|Any CPU
		{AA92318B-4574-4402-81F9-B13C7E56EAE5}.Debug|Any CPU.Build.0 = Debug|Any CPU
		{AA92318B-4574-4402-81F9-B13C7E56EAE5}.Debug|x64.ActiveCfg = Debug|Any CPU
		{AA92318B-4574-4402-81F9-B13C7E56EAE5}.Debug|x64.Build.0 = Debug|Any CPU
		{AA92318B-4574-4402-81F9-B13C7E56EAE5}.Debug|x86.ActiveCfg = Debug|Any CPU
		{AA92318B-4574-4402-81F9-B13C7E56EAE5}.Debug|x86.Build.0 = Debug|Any CPU
		{AA92318B-4574-4402-81F9-B13C7E56EAE5}.Release|Any CPU.ActiveCfg = Release|Any CPU
		{AA92318B-4574-4402-81F9-B13C7E56EAE5}.Release|Any CPU.Build.0 = Release|Any CPU
		{AA92318B-4574-4402-81F9-B13C7E56EAE5}.Release|x64.ActiveCfg = Release|Any CPU
		{AA92318B-4574-4402-81F9-B13C7E56EAE5}.Release|x64.Build.0 = Release|Any CPU
		{AA92318B-4574-4402-81F9-B13C7E56EAE5}.Release|x86.ActiveCfg = Release|Any CPU
		{AA92318B-4574-4402-81F9-B13C7E56EAE5}.Release|x86.Build.0 = Release|Any CPU
		{FA739F9B-2D53-4064-A28E-C773CE5AC0B3}.Debug|Any CPU.ActiveCfg = Debug|Any CPU
		{FA739F9B-2D53-4064-A28E-C773CE5AC0B3}.Debug|Any CPU.Build.0 = Debug|Any CPU
		{FA739F9B-2D53-4064-A28E-C773CE5AC0B3}.Debug|x64.ActiveCfg = Debug|Any CPU
		{FA739F9B-2D53-4064-A28E-C773CE5AC0B3}.Debug|x64.Build.0 = Debug|Any CPU
		{FA739F9B-2D53-4064-A28E-C773CE5AC0B3}.Debug|x86.ActiveCfg = Debug|Any CPU
		{FA739F9B-2D53-4064-A28E-C773CE5AC0B3}.Debug|x86.Build.0 = Debug|Any CPU
		{FA739F9B-2D53-4064-A28E-C773CE5AC0B3}.Release|Any CPU.ActiveCfg = Release|Any CPU
		{FA739F9B-2D53-4064-A28E-C773CE5AC0B3}.Release|Any CPU.Build.0 = Release|Any CPU
		{FA739F9B-2D53-4064-A28E-C773CE5AC0B3}.Release|x64.ActiveCfg = Release|Any CPU
		{FA739F9B-2D53-4064-A28E-C773CE5AC0B3}.Release|x64.Build.0 = Release|Any CPU
		{FA739F9B-2D53-4064-A28E-C773CE5AC0B3}.Release|x86.ActiveCfg = Release|Any CPU
		{FA739F9B-2D53-4064-A28E-C773CE5AC0B3}.Release|x86.Build.0 = Release|Any CPU
	EndGlobalSection
	GlobalSection(SolutionProperties) = preSolution
		HideSolutionNode = FALSE
	EndGlobalSection
	GlobalSection(ExtensibilityGlobals) = postSolution
		SolutionGuid = {ED3F53B4-8412-43CF-9F35-6AEFCBC3E42E}
	EndGlobalSection
EndGlobal
